
Microsoft Visual Studio Solution File, Format Version 12.00
# Visual Studio Version 16
VisualStudioVersion = 16.0.29503.13
MinimumVisualStudioVersion = 10.0.40219.1
Project("{9A19103F-16F7-4668-BE54-9A1E7A4F7556}") = "AT", "AT\AT.csproj", "{101DD38A-E312-45A4-AC72-B544820C93FA}"
EndProject
Project("{9A19103F-16F7-4668-BE54-9A1E7A4F7556}") = "ATAdmin", "WebAdmin\ATAdmin\ATAdmin\ATAdmin.csproj", "{3B0FA509-9DCF-46AD-90A1-13588D4CB855}"
EndProject
Global
	GlobalSection(SolutionConfigurationPlatforms) = preSolution
		Debug|Any CPU = Debug|Any CPU
		Release|Any CPU = Release|Any CPU
	EndGlobalSection
	GlobalSection(ProjectConfigurationPlatforms) = postSolution
		{101DD38A-E312-45A4-AC72-B544820C93FA}.Debug|Any CPU.ActiveCfg = Debug|Any CPU
		{101DD38A-E312-45A4-AC72-B544820C93FA}.Debug|Any CPU.Build.0 = Debug|Any CPU
		{101DD38A-E312-45A4-AC72-B544820C93FA}.Release|Any CPU.ActiveCfg = Release|Any CPU
		{101DD38A-E312-45A4-AC72-B544820C93FA}.Release|Any CPU.Build.0 = Release|Any CPU
		{3B0FA509-9DCF-46AD-90A1-13588D4CB855}.Debug|Any CPU.ActiveCfg = Debug|Any CPU
		{3B0FA509-9DCF-46AD-90A1-13588D4CB855}.Debug|Any CPU.Build.0 = Debug|Any CPU
		{3B0FA509-9DCF-46AD-90A1-13588D4CB855}.Release|Any CPU.ActiveCfg = Release|Any CPU
		{3B0FA509-9DCF-46AD-90A1-13588D4CB855}.Release|Any CPU.Build.0 = Release|Any CPU
	EndGlobalSection
	GlobalSection(SolutionProperties) = preSolution
		HideSolutionNode = FALSE
	EndGlobalSection
	GlobalSection(ExtensibilityGlobals) = postSolution
		SolutionGuid = {2C3CF22F-7F07-42F4-B30E-3F2D964CA8FF}
	EndGlobalSection
EndGlobal
